
Microsoft Visual Studio Solution File, Format Version 12.00
# Visual Studio Version 17
VisualStudioVersion = 17.8.34525.116
MinimumVisualStudioVersion = 10.0.40219.1
Project("{888888A0-9F3D-457C-B088-3A5042F75D52}") = "PythonMassaCorporal", "PythonMassaCorporal.pyproj", "{7572A7D8-123B-4CF6-818B-C8B558A00814}"
EndProject
Global
	GlobalSection(SolutionConfigurationPlatforms) = preSolution
		Debug|Any CPU = Debug|Any CPU
		Release|Any CPU = Release|Any CPU
	EndGlobalSection
	GlobalSection(ProjectConfigurationPlatforms) = postSolution
		{7572A7D8-123B-4CF6-818B-C8B558A00814}.Debug|Any CPU.ActiveCfg = Debug|Any CPU
		{7572A7D8-123B-4CF6-818B-C8B558A00814}.Release|Any CPU.ActiveCfg = Release|Any CPU
	EndGlobalSection
	GlobalSection(SolutionProperties) = preSolution
		HideSolutionNode = FALSE
	EndGlobalSection
	GlobalSection(ExtensibilityGlobals) = postSolution
		SolutionGuid = {C5BE3232-C42D-4FCE-88E5-AF227FE42A2B}
	EndGlobalSection
EndGlobal
